// !$*UTF8*$!
{
	archiveVersion = 1;
	classes = {
	};
	objectVersion = 56;
	objects = {

/* Begin PBXBuildFile section */
		4807573A2B164790000AFEFC /* DPAppApp.swift in Sources */ = {isa = PBXBuildFile; fileRef = 480757392B164790000AFEFC /* DPAppApp.swift */; };
		4807573C2B164790000AFEFC /* ContentView.swift in Sources */ = {isa = PBXBuildFile; fileRef = 4807573B2B164790000AFEFC /* ContentView.swift */; };
		4807573E2B164792000AFEFC /* Assets.xcassets in Resources */ = {isa = PBXBuildFile; fileRef = 4807573D2B164792000AFEFC /* Assets.xcassets */; };
		480757412B164792000AFEFC /* Preview Assets.xcassets in Resources */ = {isa = PBXBuildFile; fileRef = 480757402B164792000AFEFC /* Preview Assets.xcassets */; };
		4807575E2B16485E000AFEFC /* Model.swift in Sources */ = {isa = PBXBuildFile; fileRef = 4807575D2B16485E000AFEFC /* Model.swift */; };
		480757612B164BE6000AFEFC /* MenuViewModel.swift in Sources */ = {isa = PBXBuildFile; fileRef = 480757602B164BE6000AFEFC /* MenuViewModel.swift */; };
		480757642B164C81000AFEFC /* NextCartView.swift in Sources */ = {isa = PBXBuildFile; fileRef = 480757632B164C81000AFEFC /* NextCartView.swift */; };
		480757662B164D0D000AFEFC /* NextPageView.swift in Sources */ = {isa = PBXBuildFile; fileRef = 480757652B164D0D000AFEFC /* NextPageView.swift */; };
		480EE5B02B17147B00975217 /* MainViewController.swift in Sources */ = {isa = PBXBuildFile; fileRef = 480EE5AF2B17147B00975217 /* MainViewController.swift */; };
		480EE5B22B17156F00975217 /* PizzaTableCell.swift in Sources */ = {isa = PBXBuildFile; fileRef = 480EE5B12B17156F00975217 /* PizzaTableCell.swift */; };
		480EE5B72B1716B300975217 /* SnapKit in Frameworks */ = {isa = PBXBuildFile; productRef = 480EE5B62B1716B300975217 /* SnapKit */; };
		480EE5B92B1716B300975217 /* SnapKit-Dynamic in Frameworks */ = {isa = PBXBuildFile; productRef = 480EE5B82B1716B300975217 /* SnapKit-Dynamic */; };
		48A39C922B1718DA0087E8D0 /* ShopModel.swift in Sources */ = {isa = PBXBuildFile; fileRef = 48A39C912B1718DA0087E8D0 /* ShopModel.swift */; };
		48D1E9462B179D4900B3FC34 /* Alamofire in Frameworks */ = {isa = PBXBuildFile; productRef = 48D1E9452B179D4900B3FC34 /* Alamofire */; };
		48D1E9492B17A5FB00B3FC34 /* MenuManager.swift in Sources */ = {isa = PBXBuildFile; fileRef = 48D1E9482B17A5FB00B3FC34 /* MenuManager.swift */; };
/* End PBXBuildFile section */

/* Begin PBXFileReference section */
		480757362B164790000AFEFC /* DPApp.app */ = {isa = PBXFileReference; explicitFileType = wrapper.application; includeInIndex = 0; path = DPApp.app; sourceTree = BUILT_PRODUCTS_DIR; };
		480757392B164790000AFEFC /* DPAppApp.swift */ = {isa = PBXFileReference; lastKnownFileType = sourcecode.swift; path = DPAppApp.swift; sourceTree = "<group>"; };
		4807573B2B164790000AFEFC /* ContentView.swift */ = {isa = PBXFileReference; lastKnownFileType = sourcecode.swift; path = ContentView.swift; sourceTree = "<group>"; };
		4807573D2B164792000AFEFC /* Assets.xcassets */ = {isa = PBXFileReference; lastKnownFileType = folder.assetcatalog; path = Assets.xcassets; sourceTree = "<group>"; };
		480757402B164792000AFEFC /* Preview Assets.xcassets */ = {isa = PBXFileReference; lastKnownFileType = folder.assetcatalog; path = "Preview Assets.xcassets"; sourceTree = "<group>"; };
		4807575D2B16485E000AFEFC /* Model.swift */ = {isa = PBXFileReference; lastKnownFileType = sourcecode.swift; path = Model.swift; sourceTree = "<group>"; };
		480757602B164BE6000AFEFC /* MenuViewModel.swift */ = {isa = PBXFileReference; lastKnownFileType = sourcecode.swift; path = MenuViewModel.swift; sourceTree = "<group>"; };
		480757632B164C81000AFEFC /* NextCartView.swift */ = {isa = PBXFileReference; lastKnownFileType = sourcecode.swift; path = NextCartView.swift; sourceTree = "<group>"; };
		480757652B164D0D000AFEFC /* NextPageView.swift */ = {isa = PBXFileReference; lastKnownFileType = sourcecode.swift; path = NextPageView.swift; sourceTree = "<group>"; };
		480EE5AF2B17147B00975217 /* MainViewController.swift */ = {isa = PBXFileReference; lastKnownFileType = sourcecode.swift; path = MainViewController.swift; sourceTree = "<group>"; };
		480EE5B12B17156F00975217 /* PizzaTableCell.swift */ = {isa = PBXFileReference; lastKnownFileType = sourcecode.swift; path = PizzaTableCell.swift; sourceTree = "<group>"; };
		48A39C912B1718DA0087E8D0 /* ShopModel.swift */ = {isa = PBXFileReference; lastKnownFileType = sourcecode.swift; path = ShopModel.swift; sourceTree = "<group>"; };
		48D1E9472B179F0300B3FC34 /* Info.plist */ = {isa = PBXFileReference; lastKnownFileType = text.plist; path = Info.plist; sourceTree = "<group>"; };
		48D1E9482B17A5FB00B3FC34 /* MenuManager.swift */ = {isa = PBXFileReference; lastKnownFileType = sourcecode.swift; path = MenuManager.swift; sourceTree = "<group>"; };
/* End PBXFileReference section */

/* Begin PBXFrameworksBuildPhase section */
		480757332B164790000AFEFC /* Frameworks */ = {
			isa = PBXFrameworksBuildPhase;
			buildActionMask = 2147483647;
			files = (
				48D1E9462B179D4900B3FC34 /* Alamofire in Frameworks */,
				480EE5B72B1716B300975217 /* SnapKit in Frameworks */,
				480EE5B92B1716B300975217 /* SnapKit-Dynamic in Frameworks */,
			);
			runOnlyForDeploymentPostprocessing = 0;
		};
/* End PBXFrameworksBuildPhase section */

/* Begin PBXGroup section */
		4807572D2B164790000AFEFC = {
			isa = PBXGroup;
			children = (
				480757382B164790000AFEFC /* DPApp */,
				480757372B164790000AFEFC /* Products */,
			);
			sourceTree = "<group>";
		};
		480757372B164790000AFEFC /* Products */ = {
			isa = PBXGroup;
			children = (
				480757362B164790000AFEFC /* DPApp.app */,
			);
			name = Products;
			sourceTree = "<group>";
		};
		480757382B164790000AFEFC /* DPApp */ = {
			isa = PBXGroup;
			children = (
				48D1E9472B179F0300B3FC34 /* Info.plist */,
				480757622B164C70000AFEFC /* Views */,
				4807575F2B164BD3000AFEFC /* ViewModel */,
				4807575C2B164850000AFEFC /* Models */,
				480757392B164790000AFEFC /* DPAppApp.swift */,
				4807573D2B164792000AFEFC /* Assets.xcassets */,
				4807573F2B164792000AFEFC /* Preview Content */,
			);
			path = DPApp;
			sourceTree = "<group>";
		};
		4807573F2B164792000AFEFC /* Preview Content */ = {
			isa = PBXGroup;
			children = (
				480757402B164792000AFEFC /* Preview Assets.xcassets */,
			);
			path = "Preview Content";
			sourceTree = "<group>";
		};
		4807575C2B164850000AFEFC /* Models */ = {
			isa = PBXGroup;
			children = (
				4807575D2B16485E000AFEFC /* Model.swift */,
			);
			path = Models;
			sourceTree = "<group>";
		};
		4807575F2B164BD3000AFEFC /* ViewModel */ = {
			isa = PBXGroup;
			children = (
				480757602B164BE6000AFEFC /* MenuViewModel.swift */,
			);
			path = ViewModel;
			sourceTree = "<group>";
		};
		480757622B164C70000AFEFC /* Views */ = {
			isa = PBXGroup;
			children = (
				480EE5AE2B17143700975217 /* PizzaTable */,
				480757632B164C81000AFEFC /* NextCartView.swift */,
				480757652B164D0D000AFEFC /* NextPageView.swift */,
				4807573B2B164790000AFEFC /* ContentView.swift */,
			);
			path = Views;
			sourceTree = "<group>";
		};
		480EE5AE2B17143700975217 /* PizzaTable */ = {
			isa = PBXGroup;
			children = (
				480EE5AF2B17147B00975217 /* MainViewController.swift */,
				480EE5B12B17156F00975217 /* PizzaTableCell.swift */,
				48A39C912B1718DA0087E8D0 /* ShopModel.swift */,
				48D1E9482B17A5FB00B3FC34 /* MenuManager.swift */,
			);
			path = PizzaTable;
			sourceTree = "<group>";
		};
/* End PBXGroup section */

/* Begin PBXNativeTarget section */
		480757352B164790000AFEFC /* DPApp */ = {
			isa = PBXNativeTarget;
			buildConfigurationList = 480757442B164792000AFEFC /* Build configuration list for PBXNativeTarget "DPApp" */;
			buildPhases = (
				480757322B164790000AFEFC /* Sources */,
				480757332B164790000AFEFC /* Frameworks */,
				480757342B164790000AFEFC /* Resources */,
			);
			buildRules = (
			);
			dependencies = (
			);
			name = DPApp;
			packageProductDependencies = (
				480EE5B62B1716B300975217 /* SnapKit */,
				480EE5B82B1716B300975217 /* SnapKit-Dynamic */,
				48D1E9452B179D4900B3FC34 /* Alamofire */,
			);
			productName = DPApp;
			productReference = 480757362B164790000AFEFC /* DPApp.app */;
			productType = "com.apple.product-type.application";
		};
/* End PBXNativeTarget section */

/* Begin PBXProject section */
		4807572E2B164790000AFEFC /* Project object */ = {
			isa = PBXProject;
			attributes = {
				BuildIndependentTargetsInParallel = 1;
				LastSwiftUpdateCheck = 1500;
				LastUpgradeCheck = 1500;
				TargetAttributes = {
					480757352B164790000AFEFC = {
						CreatedOnToolsVersion = 15.0.1;
					};
				};
			};
			buildConfigurationList = 480757312B164790000AFEFC /* Build configuration list for PBXProject "DPApp" */;
			compatibilityVersion = "Xcode 14.0";
			developmentRegion = en;
			hasScannedForEncodings = 0;
			knownRegions = (
				en,
				Base,
			);
			mainGroup = 4807572D2B164790000AFEFC;
			packageReferences = (
				480EE5B52B1716B300975217 /* XCRemoteSwiftPackageReference "SnapKit" */,
				48D1E9442B179D4900B3FC34 /* XCRemoteSwiftPackageReference "Alamofire" */,
			);
			productRefGroup = 480757372B164790000AFEFC /* Products */;
			projectDirPath = "";
			projectRoot = "";
			targets = (
				480757352B164790000AFEFC /* DPApp */,
			);
		};
/* End PBXProject section */

/* Begin PBXResourcesBuildPhase section */
		480757342B164790000AFEFC /* Resources */ = {
			isa = PBXResourcesBuildPhase;
			buildActionMask = 2147483647;
			files = (
				480757412B164792000AFEFC /* Preview Assets.xcassets in Resources */,
				4807573E2B164792000AFEFC /* Assets.xcassets in Resources */,
			);
			runOnlyForDeploymentPostprocessing = 0;
		};
/* End PBXResourcesBuildPhase section */

/* Begin PBXSourcesBuildPhase section */
		480757322B164790000AFEFC /* Sources */ = {
			isa = PBXSourcesBuildPhase;
			buildActionMask = 2147483647;
			files = (
				48D1E9492B17A5FB00B3FC34 /* MenuManager.swift in Sources */,
				480EE5B02B17147B00975217 /* MainViewController.swift in Sources */,
				4807575E2B16485E000AFEFC /* Model.swift in Sources */,
				4807573C2B164790000AFEFC /* ContentView.swift in Sources */,
				480757662B164D0D000AFEFC /* NextPageView.swift in Sources */,
				480757642B164C81000AFEFC /* NextCartView.swift in Sources */,
				48A39C922B1718DA0087E8D0 /* ShopModel.swift in Sources */,
				480EE5B22B17156F00975217 /* PizzaTableCell.swift in Sources */,
				4807573A2B164790000AFEFC /* DPAppApp.swift in Sources */,
				480757612B164BE6000AFEFC /* MenuViewModel.swift in Sources */,
			);
			runOnlyForDeploymentPostprocessing = 0;
		};
/* End PBXSourcesBuildPhase section */

/* Begin XCBuildConfiguration section */
		480757422B164792000AFEFC /* Debug */ = {
			isa = XCBuildConfiguration;
			buildSettings = {
				ALWAYS_SEARCH_USER_PATHS = NO;
				ASSETCATALOG_COMPILER_GENERATE_SWIFT_ASSET_SYMBOL_EXTENSIONS = YES;
				CLANG_ANALYZER_NONNULL = YES;
				CLANG_ANALYZER_NUMBER_OBJECT_CONVERSION = YES_AGGRESSIVE;
				CLANG_CXX_LANGUAGE_STANDARD = "gnu++20";
				CLANG_ENABLE_MODULES = YES;
				CLANG_ENABLE_OBJC_ARC = YES;
				CLANG_ENABLE_OBJC_WEAK = YES;
				CLANG_WARN_BLOCK_CAPTURE_AUTORELEASING = YES;
				CLANG_WARN_BOOL_CONVERSION = YES;
				CLANG_WARN_COMMA = YES;
				CLANG_WARN_CONSTANT_CONVERSION = YES;
				CLANG_WARN_DEPRECATED_OBJC_IMPLEMENTATIONS = YES;
				CLANG_WARN_DIRECT_OBJC_ISA_USAGE = YES_ERROR;
				CLANG_WARN_DOCUMENTATION_COMMENTS = YES;
				CLANG_WARN_EMPTY_BODY = YES;
				CLANG_WARN_ENUM_CONVERSION = YES;
				CLANG_WARN_INFINITE_RECURSION = YES;
				CLANG_WARN_INT_CONVERSION = YES;
				CLANG_WARN_NON_LITERAL_NULL_CONVERSION = YES;
				CLANG_WARN_OBJC_IMPLICIT_RETAIN_SELF = YES;
				CLANG_WARN_OBJC_LITERAL_CONVERSION = YES;
				CLANG_WARN_OBJC_ROOT_CLASS = YES_ERROR;
				CLANG_WARN_QUOTED_INCLUDE_IN_FRAMEWORK_HEADER = YES;
				CLANG_WARN_RANGE_LOOP_ANALYSIS = YES;
				CLANG_WARN_STRICT_PROTOTYPES = YES;
				CLANG_WARN_SUSPICIOUS_MOVE = YES;
				CLANG_WARN_UNGUARDED_AVAILABILITY = YES_AGGRESSIVE;
				CLANG_WARN_UNREACHABLE_CODE = YES;
				CLANG_WARN__DUPLICATE_METHOD_MATCH = YES;
				COPY_PHASE_STRIP = NO;
				DEBUG_INFORMATION_FORMAT = dwarf;
				ENABLE_STRICT_OBJC_MSGSEND = YES;
				ENABLE_TESTABILITY = YES;
				ENABLE_USER_SCRIPT_SANDBOXING = YES;
				GCC_C_LANGUAGE_STANDARD = gnu17;
				GCC_DYNAMIC_NO_PIC = NO;
				GCC_NO_COMMON_BLOCKS = YES;
				GCC_OPTIMIZATION_LEVEL = 0;
				GCC_PREPROCESSOR_DEFINITIONS = (
					"DEBUG=1",
					"$(inherited)",
				);
				GCC_WARN_64_TO_32_BIT_CONVERSION = YES;
				GCC_WARN_ABOUT_RETURN_TYPE = YES_ERROR;
				GCC_WARN_UNDECLARED_SELECTOR = YES;
				GCC_WARN_UNINITIALIZED_AUTOS = YES_AGGRESSIVE;
				GCC_WARN_UNUSED_FUNCTION = YES;
				GCC_WARN_UNUSED_VARIABLE = YES;
				IPHONEOS_DEPLOYMENT_TARGET = 17.0;
				LOCALIZATION_PREFERS_STRING_CATALOGS = YES;
				MTL_ENABLE_DEBUG_INFO = INCLUDE_SOURCE;
				MTL_FAST_MATH = YES;
				ONLY_ACTIVE_ARCH = YES;
				SDKROOT = iphoneos;
				SWIFT_ACTIVE_COMPILATION_CONDITIONS = "DEBUG $(inherited)";
				SWIFT_OPTIMIZATION_LEVEL = "-Onone";
			};
			name = Debug;
		};
		480757432B164792000AFEFC /* Release */ = {
			isa = XCBuildConfiguration;
			buildSettings = {
				ALWAYS_SEARCH_USER_PATHS = NO;
				ASSETCATALOG_COMPILER_GENERATE_SWIFT_ASSET_SYMBOL_EXTENSIONS = YES;
				CLANG_ANALYZER_NONNULL = YES;
				CLANG_ANALYZER_NUMBER_OBJECT_CONVERSION = YES_AGGRESSIVE;
				CLANG_CXX_LANGUAGE_STANDARD = "gnu++20";
				CLANG_ENABLE_MODULES = YES;
				CLANG_ENABLE_OBJC_ARC = YES;
				CLANG_ENABLE_OBJC_WEAK = YES;
				CLANG_WARN_BLOCK_CAPTURE_AUTORELEASING = YES;
				CLANG_WARN_BOOL_CONVERSION = YES;
				CLANG_WARN_COMMA = YES;
				CLANG_WARN_CONSTANT_CONVERSION = YES;
				CLANG_WARN_DEPRECATED_OBJC_IMPLEMENTATIONS = YES;
				CLANG_WARN_DIRECT_OBJC_ISA_USAGE = YES_ERROR;
				CLANG_WARN_DOCUMENTATION_COMMENTS = YES;
				CLANG_WARN_EMPTY_BODY = YES;
				CLANG_WARN_ENUM_CONVERSION = YES;
				CLANG_WARN_INFINITE_RECURSION = YES;
				CLANG_WARN_INT_CONVERSION = YES;
				CLANG_WARN_NON_LITERAL_NULL_CONVERSION = YES;
				CLANG_WARN_OBJC_IMPLICIT_RETAIN_SELF = YES;
				CLANG_WARN_OBJC_LITERAL_CONVERSION = YES;
				CLANG_WARN_OBJC_ROOT_CLASS = YES_ERROR;
				CLANG_WARN_QUOTED_INCLUDE_IN_FRAMEWORK_HEADER = YES;
				CLANG_WARN_RANGE_LOOP_ANALYSIS = YES;
				CLANG_WARN_STRICT_PROTOTYPES = YES;
				CLANG_WARN_SUSPICIOUS_MOVE = YES;
				CLANG_WARN_UNGUARDED_AVAILABILITY = YES_AGGRESSIVE;
				CLANG_WARN_UNREACHABLE_CODE = YES;
				CLANG_WARN__DUPLICATE_METHOD_MATCH = YES;
				COPY_PHASE_STRIP = NO;
				DEBUG_INFORMATION_FORMAT = "dwarf-with-dsym";
				ENABLE_NS_ASSERTIONS = NO;
				ENABLE_STRICT_OBJC_MSGSEND = YES;
				ENABLE_USER_SCRIPT_SANDBOXING = YES;
				GCC_C_LANGUAGE_STANDARD = gnu17;
				GCC_NO_COMMON_BLOCKS = YES;
				GCC_WARN_64_TO_32_BIT_CONVERSION = YES;
				GCC_WARN_ABOUT_RETURN_TYPE = YES_ERROR;
				GCC_WARN_UNDECLARED_SELECTOR = YES;
				GCC_WARN_UNINITIALIZED_AUTOS = YES_AGGRESSIVE;
				GCC_WARN_UNUSED_FUNCTION = YES;
				GCC_WARN_UNUSED_VARIABLE = YES;
				IPHONEOS_DEPLOYMENT_TARGET = 17.0;
				LOCALIZATION_PREFERS_STRING_CATALOGS = YES;
				MTL_ENABLE_DEBUG_INFO = NO;
				MTL_FAST_MATH = YES;
				SDKROOT = iphoneos;
				SWIFT_COMPILATION_MODE = wholemodule;
				VALIDATE_PRODUCT = YES;
			};
			name = Release;
		};
		480757452B164792000AFEFC /* Debug */ = {
			isa = XCBuildConfiguration;
			buildSettings = {
				ASSETCATALOG_COMPILER_APPICON_NAME = AppIcon;
				ASSETCATALOG_COMPILER_GLOBAL_ACCENT_COLOR_NAME = AccentColor;
				CODE_SIGN_STYLE = Automatic;
				CURRENT_PROJECT_VERSION = 1;
				DEVELOPMENT_ASSET_PATHS = "\"DPApp/Preview Content\"";
				ENABLE_PREVIEWS = YES;
				GENERATE_INFOPLIST_FILE = YES;
				INFOPLIST_FILE = DPApp/Info.plist;
				INFOPLIST_KEY_UIApplicationSceneManifest_Generation = YES;
				INFOPLIST_KEY_UIApplicationSupportsIndirectInputEvents = YES;
				INFOPLIST_KEY_UILaunchScreen_Generation = YES;
				INFOPLIST_KEY_UISupportedInterfaceOrientations_iPad = "UIInterfaceOrientationPortrait UIInterfaceOrientationPortraitUpsideDown UIInterfaceOrientationLandscapeLeft UIInterfaceOrientationLandscapeRight";
				INFOPLIST_KEY_UISupportedInterfaceOrientations_iPhone = "UIInterfaceOrientationPortrait UIInterfaceOrientationLandscapeLeft UIInterfaceOrientationLandscapeRight";
				LD_RUNPATH_SEARCH_PATHS = (
					"$(inherited)",
					"@executable_path/Frameworks",
				);
				MARKETING_VERSION = 1.0;
				PRODUCT_BUNDLE_IDENTIFIER = app.DPApp;
				PRODUCT_NAME = "$(TARGET_NAME)";
				SWIFT_EMIT_LOC_STRINGS = YES;
				SWIFT_VERSION = 5.0;
				TARGETED_DEVICE_FAMILY = "1,2";
			};
			name = Debug;
		};
		480757462B164792000AFEFC /* Release */ = {
			isa = XCBuildConfiguration;
			buildSettings = {
				ASSETCATALOG_COMPILER_APPICON_NAME = AppIcon;
				ASSETCATALOG_COMPILER_GLOBAL_ACCENT_COLOR_NAME = AccentColor;
				CODE_SIGN_STYLE = Automatic;
				CURRENT_PROJECT_VERSION = 1;
				DEVELOPMENT_ASSET_PATHS = "\"DPApp/Preview Content\"";
				ENABLE_PREVIEWS = YES;
				GENERATE_INFOPLIST_FILE = YES;
				INFOPLIST_FILE = DPApp/Info.plist;
				INFOPLIST_KEY_UIApplicationSceneManifest_Generation = YES;
				INFOPLIST_KEY_UIApplicationSupportsIndirectInputEvents = YES;
				INFOPLIST_KEY_UILaunchScreen_Generation = YES;
				INFOPLIST_KEY_UISupportedInterfaceOrientations_iPad = "UIInterfaceOrientationPortrait UIInterfaceOrientationPortraitUpsideDown UIInterfaceOrientationLandscapeLeft UIInterfaceOrientationLandscapeRight";
				INFOPLIST_KEY_UISupportedInterfaceOrientations_iPhone = "UIInterfaceOrientationPortrait UIInterfaceOrientationLandscapeLeft UIInterfaceOrientationLandscapeRight";
				LD_RUNPATH_SEARCH_PATHS = (
					"$(inherited)",
					"@executable_path/Frameworks",
				);
				MARKETING_VERSION = 1.0;
				PRODUCT_BUNDLE_IDENTIFIER = app.DPApp;
				PRODUCT_NAME = "$(TARGET_NAME)";
				SWIFT_EMIT_LOC_STRINGS = YES;
				SWIFT_VERSION = 5.0;
				TARGETED_DEVICE_FAMILY = "1,2";
			};
			name = Release;
		};
/* End XCBuildConfiguration section */

/* Begin XCConfigurationList section */
		480757312B164790000AFEFC /* Build configuration list for PBXProject "DPApp" */ = {
			isa = XCConfigurationList;
			buildConfigurations = (
				480757422B164792000AFEFC /* Debug */,
				480757432B164792000AFEFC /* Release */,
			);
			defaultConfigurationIsVisible = 0;
			defaultConfigurationName = Release;
		};
		480757442B164792000AFEFC /* Build configuration list for PBXNativeTarget "DPApp" */ = {
			isa = XCConfigurationList;
			buildConfigurations = (
				480757452B164792000AFEFC /* Debug */,
				480757462B164792000AFEFC /* Release */,
			);
			defaultConfigurationIsVisible = 0;
			defaultConfigurationName = Release;
		};
/* End XCConfigurationList section */

/* Begin XCRemoteSwiftPackageReference section */
		480EE5B52B1716B300975217 /* XCRemoteSwiftPackageReference "SnapKit" */ = {
			isa = XCRemoteSwiftPackageReference;
			repositoryURL = "https://github.com/SnapKit/SnapKit";
			requirement = {
				kind = upToNextMajorVersion;
				minimumVersion = 5.6.0;
			};
		};
		48D1E9442B179D4900B3FC34 /* XCRemoteSwiftPackageReference "Alamofire" */ = {
			isa = XCRemoteSwiftPackageReference;
			repositoryURL = "https://github.com/Alamofire/Alamofire";
			requirement = {
				kind = upToNextMajorVersion;
				minimumVersion = 5.8.1;
			};
		};
/* End XCRemoteSwiftPackageReference section */

/* Begin XCSwiftPackageProductDependency section */
		480EE5B62B1716B300975217 /* SnapKit */ = {
			isa = XCSwiftPackageProductDependency;
			package = 480EE5B52B1716B300975217 /* XCRemoteSwiftPackageReference "SnapKit" */;
			productName = SnapKit;
		};
		480EE5B82B1716B300975217 /* SnapKit-Dynamic */ = {
			isa = XCSwiftPackageProductDependency;
			package = 480EE5B52B1716B300975217 /* XCRemoteSwiftPackageReference "SnapKit" */;
			productName = "SnapKit-Dynamic";
		};
		48D1E9452B179D4900B3FC34 /* Alamofire */ = {
			isa = XCSwiftPackageProductDependency;
			package = 48D1E9442B179D4900B3FC34 /* XCRemoteSwiftPackageReference "Alamofire" */;
			productName = Alamofire;
		};
/* End XCSwiftPackageProductDependency section */
	};
	rootObject = 4807572E2B164790000AFEFC /* Project object */;
}
